
Microsoft Visual Studio Solution File, Format Version 12.00
# Visual Studio Version 16
VisualStudioVersion = 16.0.30503.244
MinimumVisualStudioVersion = 10.0.40219.1
Project("{FAE04EC0-301F-11D3-BF4B-00C04F79EFBC}") = "AT_API_MS_Rabbit", "AT_API_MS_Rabbit\AT_API_MS_Rabbit.csproj", "{D453AA4B-FD40-4049-BE01-8B68882C6CA8}"
EndProject
Project("{2150E333-8FDC-42A3-9474-1A3956D46DE8}") = "01-Presentation", "01-Presentation", "{390B8E0B-466E-4030-BD28-9CF543DC0364}"
EndProject
Project("{2150E333-8FDC-42A3-9474-1A3956D46DE8}") = "02-Core", "02-Core", "{AAF2A7D0-B984-45BD-B9A8-F39B97ED6BD3}"
EndProject
Project("{2150E333-8FDC-42A3-9474-1A3956D46DE8}") = "03-Data", "03-Data", "{6BD37638-E618-41AE-8102-EE2A28793D4A}"
EndProject
Project("{2150E333-8FDC-42A3-9474-1A3956D46DE8}") = "04-Shared", "04-Shared", "{9E071FD0-461F-43C1-A6B4-9BBECC7F3FC9}"
EndProject
Project("{2150E333-8FDC-42A3-9474-1A3956D46DE8}") = "05-Test", "05-Test", "{2A564FC1-5784-42DF-BCDA-DB58A73E959D}"
EndProject
Project("{FAE04EC0-301F-11D3-BF4B-00C04F79EFBC}") = "Data", "Data\Data.csproj", "{1DCDD8F2-B67E-494F-B0EB-43DCB1EE0212}"
EndProject
Project("{FAE04EC0-301F-11D3-BF4B-00C04F79EFBC}") = "Core", "Core\Core.csproj", "{52C3C291-6E61-4C6F-B7C7-954CD3D601EA}"
EndProject
Project("{FAE04EC0-301F-11D3-BF4B-00C04F79EFBC}") = "Shared", "Shared\Shared.csproj", "{506DBBA3-6091-406C-AFB6-C9E8B43D7A86}"
EndProject
Project("{FAE04EC0-301F-11D3-BF4B-00C04F79EFBC}") = "UnityTests", "UnityTests\UnityTests.csproj", "{A1C059B2-D34D-4FA1-9111-9CFA9D8132D2}"
EndProject
Global
	GlobalSection(SolutionConfigurationPlatforms) = preSolution
		Debug|Any CPU = Debug|Any CPU
		Release|Any CPU = Release|Any CPU
	EndGlobalSection
	GlobalSection(ProjectConfigurationPlatforms) = postSolution
		{D453AA4B-FD40-4049-BE01-8B68882C6CA8}.Debug|Any CPU.ActiveCfg = Debug|Any CPU
		{D453AA4B-FD40-4049-BE01-8B68882C6CA8}.Debug|Any CPU.Build.0 = Debug|Any CPU
		{D453AA4B-FD40-4049-BE01-8B68882C6CA8}.Release|Any CPU.ActiveCfg = Release|Any CPU
		{D453AA4B-FD40-4049-BE01-8B68882C6CA8}.Release|Any CPU.Build.0 = Release|Any CPU
		{1DCDD8F2-B67E-494F-B0EB-43DCB1EE0212}.Debug|Any CPU.ActiveCfg = Debug|Any CPU
		{1DCDD8F2-B67E-494F-B0EB-43DCB1EE0212}.Debug|Any CPU.Build.0 = Debug|Any CPU
		{1DCDD8F2-B67E-494F-B0EB-43DCB1EE0212}.Release|Any CPU.ActiveCfg = Release|Any CPU
		{1DCDD8F2-B67E-494F-B0EB-43DCB1EE0212}.Release|Any CPU.Build.0 = Release|Any CPU
		{52C3C291-6E61-4C6F-B7C7-954CD3D601EA}.Debug|Any CPU.ActiveCfg = Debug|Any CPU
		{52C3C291-6E61-4C6F-B7C7-954CD3D601EA}.Debug|Any CPU.Build.0 = Debug|Any CPU
		{52C3C291-6E61-4C6F-B7C7-954CD3D601EA}.Release|Any CPU.ActiveCfg = Release|Any CPU
		{52C3C291-6E61-4C6F-B7C7-954CD3D601EA}.Release|Any CPU.Build.0 = Release|Any CPU
		{506DBBA3-6091-406C-AFB6-C9E8B43D7A86}.Debug|Any CPU.ActiveCfg = Debug|Any CPU
		{506DBBA3-6091-406C-AFB6-C9E8B43D7A86}.Debug|Any CPU.Build.0 = Debug|Any CPU
		{506DBBA3-6091-406C-AFB6-C9E8B43D7A86}.Release|Any CPU.ActiveCfg = Release|Any CPU
		{506DBBA3-6091-406C-AFB6-C9E8B43D7A86}.Release|Any CPU.Build.0 = Release|Any CPU
		{A1C059B2-D34D-4FA1-9111-9CFA9D8132D2}.Debug|Any CPU.ActiveCfg = Debug|Any CPU
		{A1C059B2-D34D-4FA1-9111-9CFA9D8132D2}.Debug|Any CPU.Build.0 = Debug|Any CPU
		{A1C059B2-D34D-4FA1-9111-9CFA9D8132D2}.Release|Any CPU.ActiveCfg = Release|Any CPU
		{A1C059B2-D34D-4FA1-9111-9CFA9D8132D2}.Release|Any CPU.Build.0 = Release|Any CPU
	EndGlobalSection
	GlobalSection(SolutionProperties) = preSolution
		HideSolutionNode = FALSE
	EndGlobalSection
	GlobalSection(NestedProjects) = preSolution
		{D453AA4B-FD40-4049-BE01-8B68882C6CA8} = {390B8E0B-466E-4030-BD28-9CF543DC0364}
		{1DCDD8F2-B67E-494F-B0EB-43DCB1EE0212} = {6BD37638-E618-41AE-8102-EE2A28793D4A}
		{52C3C291-6E61-4C6F-B7C7-954CD3D601EA} = {AAF2A7D0-B984-45BD-B9A8-F39B97ED6BD3}
		{506DBBA3-6091-406C-AFB6-C9E8B43D7A86} = {9E071FD0-461F-43C1-A6B4-9BBECC7F3FC9}
		{A1C059B2-D34D-4FA1-9111-9CFA9D8132D2} = {2A564FC1-5784-42DF-BCDA-DB58A73E959D}
	EndGlobalSection
	GlobalSection(ExtensibilityGlobals) = postSolution
		SolutionGuid = {89417F16-2B09-41DE-BC21-4CC54BFC84A3}
	EndGlobalSection
EndGlobal
